
Microsoft Visual Studio Solution File, Format Version 12.00
# Visual Studio Version 16
VisualStudioVersion = 16.0.30611.23
MinimumVisualStudioVersion = 10.0.40219.1
Project("{FAE04EC0-301F-11D3-BF4B-00C04F79EFBC}") = "types", "types.csproj", "{6CE58A03-499A-4808-B957-694529CD2079}"
EndProject
Global
	GlobalSection(SolutionConfigurationPlatforms) = preSolution
		Debug|Any CPU = Debug|Any CPU
		Release|Any CPU = Release|Any CPU
	EndGlobalSection
	GlobalSection(ProjectConfigurationPlatforms) = postSolution
		{6CE58A03-499A-4808-B957-694529CD2079}.Debug|Any CPU.ActiveCfg = Debug|Any CPU
		{6CE58A03-499A-4808-B957-694529CD2079}.Debug|Any CPU.Build.0 = Debug|Any CPU
		{6CE58A03-499A-4808-B957-694529CD2079}.Release|Any CPU.ActiveCfg = Release|Any CPU
		{6CE58A03-499A-4808-B957-694529CD2079}.Release|Any CPU.Build.0 = Release|Any CPU
	EndGlobalSection
	GlobalSection(SolutionProperties) = preSolution
		HideSolutionNode = FALSE
	EndGlobalSection
	GlobalSection(ExtensibilityGlobals) = postSolution
		SolutionGuid = {41E3FBB6-7B18-4C4A-AD8F-20F5C04C8336}
	EndGlobalSection
EndGlobal
