
Microsoft Visual Studio Solution File, Format Version 12.00
# Visual Studio Version 16
VisualStudioVersion = 16.0.30503.244
MinimumVisualStudioVersion = 10.0.40219.1
Project("{FAE04EC0-301F-11D3-BF4B-00C04F79EFBC}") = "WindowsFormsApp10_local_functions", "WindowsFormsApp10_local_functions\WindowsFormsApp10_local_functions.csproj", "{23CCFAE6-3C0A-4EE5-A182-4E91B3972DB4}"
EndProject
Global
	GlobalSection(SolutionConfigurationPlatforms) = preSolution
		Debug|Any CPU = Debug|Any CPU
		Release|Any CPU = Release|Any CPU
	EndGlobalSection
	GlobalSection(ProjectConfigurationPlatforms) = postSolution
		{23CCFAE6-3C0A-4EE5-A182-4E91B3972DB4}.Debug|Any CPU.ActiveCfg = Debug|Any CPU
		{23CCFAE6-3C0A-4EE5-A182-4E91B3972DB4}.Debug|Any CPU.Build.0 = Debug|Any CPU
		{23CCFAE6-3C0A-4EE5-A182-4E91B3972DB4}.Release|Any CPU.ActiveCfg = Release|Any CPU
		{23CCFAE6-3C0A-4EE5-A182-4E91B3972DB4}.Release|Any CPU.Build.0 = Release|Any CPU
	EndGlobalSection
	GlobalSection(SolutionProperties) = preSolution
		HideSolutionNode = FALSE
	EndGlobalSection
	GlobalSection(ExtensibilityGlobals) = postSolution
		SolutionGuid = {89F5DD4D-FC3D-46B5-9DB6-83AAF782E8C4}
	EndGlobalSection
EndGlobal
