
Microsoft Visual Studio Solution File, Format Version 12.00
# Visual Studio Version 16
VisualStudioVersion = 16.0.30503.244
MinimumVisualStudioVersion = 10.0.40219.1
Project("{FAE04EC0-301F-11D3-BF4B-00C04F79EFBC}") = "WindowsFormsApp04_check", "WindowsFormsApp04_check\WindowsFormsApp04_check.csproj", "{1D4E863E-44C6-4DA0-91C1-5E43773F6BC9}"
EndProject
Global
	GlobalSection(SolutionConfigurationPlatforms) = preSolution
		Debug|Any CPU = Debug|Any CPU
		Release|Any CPU = Release|Any CPU
	EndGlobalSection
	GlobalSection(ProjectConfigurationPlatforms) = postSolution
		{1D4E863E-44C6-4DA0-91C1-5E43773F6BC9}.Debug|Any CPU.ActiveCfg = Debug|Any CPU
		{1D4E863E-44C6-4DA0-91C1-5E43773F6BC9}.Debug|Any CPU.Build.0 = Debug|Any CPU
		{1D4E863E-44C6-4DA0-91C1-5E43773F6BC9}.Release|Any CPU.ActiveCfg = Release|Any CPU
		{1D4E863E-44C6-4DA0-91C1-5E43773F6BC9}.Release|Any CPU.Build.0 = Release|Any CPU
	EndGlobalSection
	GlobalSection(SolutionProperties) = preSolution
		HideSolutionNode = FALSE
	EndGlobalSection
	GlobalSection(ExtensibilityGlobals) = postSolution
		SolutionGuid = {08440859-1D17-49D7-8712-85A9788267B6}
	EndGlobalSection
EndGlobal
