
Microsoft Visual Studio Solution File, Format Version 12.00
# Visual Studio Version 16
VisualStudioVersion = 16.0.30503.244
MinimumVisualStudioVersion = 10.0.40219.1
Project("{FAE04EC0-301F-11D3-BF4B-00C04F79EFBC}") = "WindowsFormsApp13_generic2", "WindowsFormsApp13_generic2\WindowsFormsApp13_generic2.csproj", "{A040A61F-013E-43FE-9EAC-F5BE4FF425DB}"
EndProject
Global
	GlobalSection(SolutionConfigurationPlatforms) = preSolution
		Debug|Any CPU = Debug|Any CPU
		Release|Any CPU = Release|Any CPU
	EndGlobalSection
	GlobalSection(ProjectConfigurationPlatforms) = postSolution
		{A040A61F-013E-43FE-9EAC-F5BE4FF425DB}.Debug|Any CPU.ActiveCfg = Debug|Any CPU
		{A040A61F-013E-43FE-9EAC-F5BE4FF425DB}.Debug|Any CPU.Build.0 = Debug|Any CPU
		{A040A61F-013E-43FE-9EAC-F5BE4FF425DB}.Release|Any CPU.ActiveCfg = Release|Any CPU
		{A040A61F-013E-43FE-9EAC-F5BE4FF425DB}.Release|Any CPU.Build.0 = Release|Any CPU
	EndGlobalSection
	GlobalSection(SolutionProperties) = preSolution
		HideSolutionNode = FALSE
	EndGlobalSection
	GlobalSection(ExtensibilityGlobals) = postSolution
		SolutionGuid = {EC5FE352-F177-4432-A793-FCDD8DBF32C9}
	EndGlobalSection
EndGlobal
