
Microsoft Visual Studio Solution File, Format Version 12.00
# Visual Studio Version 16
VisualStudioVersion = 16.0.30330.147
MinimumVisualStudioVersion = 10.0.40219.1
Project("{FAE04EC0-301F-11D3-BF4B-00C04F79EFBC}") = "WindowsFormsApp01", "WindowsFormsApp01\WindowsFormsApp01.csproj", "{FACC4C17-6E69-4702-8FD4-FDE809553A64}"
EndProject
Global
	GlobalSection(SolutionConfigurationPlatforms) = preSolution
		Debug|Any CPU = Debug|Any CPU
		Release|Any CPU = Release|Any CPU
	EndGlobalSection
	GlobalSection(ProjectConfigurationPlatforms) = postSolution
		{FACC4C17-6E69-4702-8FD4-FDE809553A64}.Debug|Any CPU.ActiveCfg = Debug|Any CPU
		{FACC4C17-6E69-4702-8FD4-FDE809553A64}.Debug|Any CPU.Build.0 = Debug|Any CPU
		{FACC4C17-6E69-4702-8FD4-FDE809553A64}.Release|Any CPU.ActiveCfg = Release|Any CPU
		{FACC4C17-6E69-4702-8FD4-FDE809553A64}.Release|Any CPU.Build.0 = Release|Any CPU
	EndGlobalSection
	GlobalSection(SolutionProperties) = preSolution
		HideSolutionNode = FALSE
	EndGlobalSection
	GlobalSection(ExtensibilityGlobals) = postSolution
		SolutionGuid = {61C711BD-2EAD-4603-98D7-085E5FBB32E3}
	EndGlobalSection
EndGlobal
