
Microsoft Visual Studio Solution File, Format Version 12.00
# Visual Studio Version 16
VisualStudioVersion = 16.0.30517.126
MinimumVisualStudioVersion = 10.0.40219.1
Project("{FAE04EC0-301F-11D3-BF4B-00C04F79EFBC}") = "WindowsFormsApp04_nestfor", "WindowsFormsApp04_nestfor.csproj", "{44B20FD2-BA02-418A-9B08-2E553061C4D5}"
EndProject
Global
	GlobalSection(SolutionConfigurationPlatforms) = preSolution
		Debug|Any CPU = Debug|Any CPU
		Release|Any CPU = Release|Any CPU
	EndGlobalSection
	GlobalSection(ProjectConfigurationPlatforms) = postSolution
		{44B20FD2-BA02-418A-9B08-2E553061C4D5}.Debug|Any CPU.ActiveCfg = Debug|Any CPU
		{44B20FD2-BA02-418A-9B08-2E553061C4D5}.Debug|Any CPU.Build.0 = Debug|Any CPU
		{44B20FD2-BA02-418A-9B08-2E553061C4D5}.Release|Any CPU.ActiveCfg = Release|Any CPU
		{44B20FD2-BA02-418A-9B08-2E553061C4D5}.Release|Any CPU.Build.0 = Release|Any CPU
	EndGlobalSection
	GlobalSection(SolutionProperties) = preSolution
		HideSolutionNode = FALSE
	EndGlobalSection
	GlobalSection(ExtensibilityGlobals) = postSolution
		SolutionGuid = {0DDF9AC2-E621-477A-B55E-A0E5D6A3A2F7}
	EndGlobalSection
EndGlobal
