
Microsoft Visual Studio Solution File, Format Version 12.00
# Visual Studio Version 17
VisualStudioVersion = 17.0.31912.275
MinimumVisualStudioVersion = 10.0.40219.1
Project("{FAE04EC0-301F-11D3-BF4B-00C04F79EFBC}") = "0401-out_ref_param", "0401-out_ref_param\0401-out_ref_param.csproj", "{3C119DB8-A0F9-4099-BF72-F49DAD32A786}"
EndProject
Project("{FAE04EC0-301F-11D3-BF4B-00C04F79EFBC}") = "0402-Array", "0402-Array\0402-Array.csproj", "{86A8301C-4662-4E8C-B701-135A8F88D4DC}"
EndProject
Project("{FAE04EC0-301F-11D3-BF4B-00C04F79EFBC}") = "0403-Enum", "0403-Enum\0403-Enum.csproj", "{A31DC66B-713C-4D27-B0CE-3004CD1D05AD}"
EndProject
Project("{FAE04EC0-301F-11D3-BF4B-00C04F79EFBC}") = "0404-struct", "0404-struct\0404-struct.csproj", "{B37457C4-E012-4F60-A215-76B3B73D7EBD}"
EndProject
Project("{FAE04EC0-301F-11D3-BF4B-00C04F79EFBC}") = "0405-ValueOrReferenceType", "0405-ValueOrReferenceType\0405-ValueOrReferenceType.csproj", "{D57761B3-73EB-4AB0-8435-78F3DBBCFF6C}"
EndProject
Global
	GlobalSection(SolutionConfigurationPlatforms) = preSolution
		Debug|Any CPU = Debug|Any CPU
		Release|Any CPU = Release|Any CPU
	EndGlobalSection
	GlobalSection(ProjectConfigurationPlatforms) = postSolution
		{3C119DB8-A0F9-4099-BF72-F49DAD32A786}.Debug|Any CPU.ActiveCfg = Debug|Any CPU
		{3C119DB8-A0F9-4099-BF72-F49DAD32A786}.Debug|Any CPU.Build.0 = Debug|Any CPU
		{3C119DB8-A0F9-4099-BF72-F49DAD32A786}.Release|Any CPU.ActiveCfg = Release|Any CPU
		{3C119DB8-A0F9-4099-BF72-F49DAD32A786}.Release|Any CPU.Build.0 = Release|Any CPU
		{86A8301C-4662-4E8C-B701-135A8F88D4DC}.Debug|Any CPU.ActiveCfg = Debug|Any CPU
		{86A8301C-4662-4E8C-B701-135A8F88D4DC}.Debug|Any CPU.Build.0 = Debug|Any CPU
		{86A8301C-4662-4E8C-B701-135A8F88D4DC}.Release|Any CPU.ActiveCfg = Release|Any CPU
		{86A8301C-4662-4E8C-B701-135A8F88D4DC}.Release|Any CPU.Build.0 = Release|Any CPU
		{A31DC66B-713C-4D27-B0CE-3004CD1D05AD}.Debug|Any CPU.ActiveCfg = Debug|Any CPU
		{A31DC66B-713C-4D27-B0CE-3004CD1D05AD}.Debug|Any CPU.Build.0 = Debug|Any CPU
		{A31DC66B-713C-4D27-B0CE-3004CD1D05AD}.Release|Any CPU.ActiveCfg = Release|Any CPU
		{A31DC66B-713C-4D27-B0CE-3004CD1D05AD}.Release|Any CPU.Build.0 = Release|Any CPU
		{B37457C4-E012-4F60-A215-76B3B73D7EBD}.Debug|Any CPU.ActiveCfg = Debug|Any CPU
		{B37457C4-E012-4F60-A215-76B3B73D7EBD}.Debug|Any CPU.Build.0 = Debug|Any CPU
		{B37457C4-E012-4F60-A215-76B3B73D7EBD}.Release|Any CPU.ActiveCfg = Release|Any CPU
		{B37457C4-E012-4F60-A215-76B3B73D7EBD}.Release|Any CPU.Build.0 = Release|Any CPU
		{D57761B3-73EB-4AB0-8435-78F3DBBCFF6C}.Debug|Any CPU.ActiveCfg = Debug|Any CPU
		{D57761B3-73EB-4AB0-8435-78F3DBBCFF6C}.Debug|Any CPU.Build.0 = Debug|Any CPU
		{D57761B3-73EB-4AB0-8435-78F3DBBCFF6C}.Release|Any CPU.ActiveCfg = Release|Any CPU
		{D57761B3-73EB-4AB0-8435-78F3DBBCFF6C}.Release|Any CPU.Build.0 = Release|Any CPU
	EndGlobalSection
	GlobalSection(SolutionProperties) = preSolution
		HideSolutionNode = FALSE
	EndGlobalSection
	GlobalSection(ExtensibilityGlobals) = postSolution
		SolutionGuid = {FC38EDB7-6329-4469-A451-55C937B9A4DA}
	EndGlobalSection
EndGlobal
