
Microsoft Visual Studio Solution File, Format Version 12.00
# Visual Studio Version 16
VisualStudioVersion = 16.0.30413.136
MinimumVisualStudioVersion = 10.0.40219.1
Project("{9A19103F-16F7-4668-BE54-9A1E7A4F7556}") = "C70", "C70\C70.csproj", "{D2A3AF48-3426-451F-BAC9-18DC323E412E}"
EndProject
Project("{9A19103F-16F7-4668-BE54-9A1E7A4F7556}") = "chapter01", "chapter01\chapter01.csproj", "{0B9E6596-0C75-4015-92D0-424E274B6B16}"
EndProject
Project("{9A19103F-16F7-4668-BE54-9A1E7A4F7556}") = "chapter02", "chapter02\chapter02.csproj", "{8425F9DD-D5FC-4541-BB27-F585A9983574}"
EndProject
Global
	GlobalSection(SolutionConfigurationPlatforms) = preSolution
		Debug|Any CPU = Debug|Any CPU
		Release|Any CPU = Release|Any CPU
	EndGlobalSection
	GlobalSection(ProjectConfigurationPlatforms) = postSolution
		{D2A3AF48-3426-451F-BAC9-18DC323E412E}.Debug|Any CPU.ActiveCfg = Debug|Any CPU
		{D2A3AF48-3426-451F-BAC9-18DC323E412E}.Debug|Any CPU.Build.0 = Debug|Any CPU
		{D2A3AF48-3426-451F-BAC9-18DC323E412E}.Release|Any CPU.ActiveCfg = Release|Any CPU
		{D2A3AF48-3426-451F-BAC9-18DC323E412E}.Release|Any CPU.Build.0 = Release|Any CPU
		{0B9E6596-0C75-4015-92D0-424E274B6B16}.Debug|Any CPU.ActiveCfg = Debug|Any CPU
		{0B9E6596-0C75-4015-92D0-424E274B6B16}.Debug|Any CPU.Build.0 = Debug|Any CPU
		{0B9E6596-0C75-4015-92D0-424E274B6B16}.Release|Any CPU.ActiveCfg = Release|Any CPU
		{0B9E6596-0C75-4015-92D0-424E274B6B16}.Release|Any CPU.Build.0 = Release|Any CPU
		{8425F9DD-D5FC-4541-BB27-F585A9983574}.Debug|Any CPU.ActiveCfg = Debug|Any CPU
		{8425F9DD-D5FC-4541-BB27-F585A9983574}.Debug|Any CPU.Build.0 = Debug|Any CPU
		{8425F9DD-D5FC-4541-BB27-F585A9983574}.Release|Any CPU.ActiveCfg = Release|Any CPU
		{8425F9DD-D5FC-4541-BB27-F585A9983574}.Release|Any CPU.Build.0 = Release|Any CPU
	EndGlobalSection
	GlobalSection(SolutionProperties) = preSolution
		HideSolutionNode = FALSE
	EndGlobalSection
	GlobalSection(ExtensibilityGlobals) = postSolution
		SolutionGuid = {15A53DD6-FF73-4FB7-9C57-4D6F511866CA}
	EndGlobalSection
EndGlobal
