
Microsoft Visual Studio Solution File, Format Version 12.00
# Visual Studio Version 16
VisualStudioVersion = 16.0.30330.147
MinimumVisualStudioVersion = 10.0.40219.1
Project("{FAE04EC0-301F-11D3-BF4B-00C04F79EFBC}") = "firstMVC", "firstMVC\firstMVC.csproj", "{0DC22645-1849-417C-ACF6-7C6DE47B51D2}"
EndProject
Global
	GlobalSection(SolutionConfigurationPlatforms) = preSolution
		Debug|Any CPU = Debug|Any CPU
		Release|Any CPU = Release|Any CPU
	EndGlobalSection
	GlobalSection(ProjectConfigurationPlatforms) = postSolution
		{0DC22645-1849-417C-ACF6-7C6DE47B51D2}.Debug|Any CPU.ActiveCfg = Debug|Any CPU
		{0DC22645-1849-417C-ACF6-7C6DE47B51D2}.Debug|Any CPU.Build.0 = Debug|Any CPU
		{0DC22645-1849-417C-ACF6-7C6DE47B51D2}.Release|Any CPU.ActiveCfg = Release|Any CPU
		{0DC22645-1849-417C-ACF6-7C6DE47B51D2}.Release|Any CPU.Build.0 = Release|Any CPU
	EndGlobalSection
	GlobalSection(SolutionProperties) = preSolution
		HideSolutionNode = FALSE
	EndGlobalSection
	GlobalSection(ExtensibilityGlobals) = postSolution
		SolutionGuid = {1EF51DBE-C475-4887-B25D-E8D11E8A3E3F}
	EndGlobalSection
EndGlobal
