
Microsoft Visual Studio Solution File, Format Version 12.00
# Visual Studio Version 16
VisualStudioVersion = 16.0.30330.147
MinimumVisualStudioVersion = 10.0.40219.1
Project("{F184B08F-C81C-45F6-A57F-5ABD9991F28F}") = "firstMVC", "firstMVC\firstMVC.vbproj", "{B3AF3EB9-C90D-4D94-AAFE-3F9A54B1F91F}"
EndProject
Global
	GlobalSection(SolutionConfigurationPlatforms) = preSolution
		Debug|Any CPU = Debug|Any CPU
		Release|Any CPU = Release|Any CPU
	EndGlobalSection
	GlobalSection(ProjectConfigurationPlatforms) = postSolution
		{B3AF3EB9-C90D-4D94-AAFE-3F9A54B1F91F}.Debug|Any CPU.ActiveCfg = Debug|Any CPU
		{B3AF3EB9-C90D-4D94-AAFE-3F9A54B1F91F}.Debug|Any CPU.Build.0 = Debug|Any CPU
		{B3AF3EB9-C90D-4D94-AAFE-3F9A54B1F91F}.Release|Any CPU.ActiveCfg = Release|Any CPU
		{B3AF3EB9-C90D-4D94-AAFE-3F9A54B1F91F}.Release|Any CPU.Build.0 = Release|Any CPU
	EndGlobalSection
	GlobalSection(SolutionProperties) = preSolution
		HideSolutionNode = FALSE
	EndGlobalSection
	GlobalSection(ExtensibilityGlobals) = postSolution
		SolutionGuid = {DA4CB40E-AF27-4284-A6B0-5C26347AE8E8}
	EndGlobalSection
EndGlobal
