
Microsoft Visual Studio Solution File, Format Version 12.00
# Visual Studio Version 16
VisualStudioVersion = 16.0.30611.23
MinimumVisualStudioVersion = 10.0.40219.1
Project("{FAE04EC0-301F-11D3-BF4B-00C04F79EFBC}") = "0301", "0301\0301.csproj", "{222C18D5-A936-4721-8537-22552DBBA659}"
EndProject
Project("{FAE04EC0-301F-11D3-BF4B-00C04F79EFBC}") = "0302-Console", "0302-Console\0302-Console.csproj", "{6F4F4D11-639B-4C1B-96F8-2A9ED8146689}"
EndProject
Project("{FAE04EC0-301F-11D3-BF4B-00C04F79EFBC}") = "0304-Var", "0304-Var\0304-Var.csproj", "{E6769483-C00B-4E17-A540-56DC2AFC8E8B}"
EndProject
Project("{FAE04EC0-301F-11D3-BF4B-00C04F79EFBC}") = "0305-string", "0305-string\0305-string.csproj", "{E5D0B0E6-041C-4ACF-BFB3-82356432AE4B}"
EndProject
Global
	GlobalSection(SolutionConfigurationPlatforms) = preSolution
		Debug|Any CPU = Debug|Any CPU
		Release|Any CPU = Release|Any CPU
	EndGlobalSection
	GlobalSection(ProjectConfigurationPlatforms) = postSolution
		{222C18D5-A936-4721-8537-22552DBBA659}.Debug|Any CPU.ActiveCfg = Debug|Any CPU
		{222C18D5-A936-4721-8537-22552DBBA659}.Debug|Any CPU.Build.0 = Debug|Any CPU
		{222C18D5-A936-4721-8537-22552DBBA659}.Release|Any CPU.ActiveCfg = Release|Any CPU
		{222C18D5-A936-4721-8537-22552DBBA659}.Release|Any CPU.Build.0 = Release|Any CPU
		{6F4F4D11-639B-4C1B-96F8-2A9ED8146689}.Debug|Any CPU.ActiveCfg = Debug|Any CPU
		{6F4F4D11-639B-4C1B-96F8-2A9ED8146689}.Debug|Any CPU.Build.0 = Debug|Any CPU
		{6F4F4D11-639B-4C1B-96F8-2A9ED8146689}.Release|Any CPU.ActiveCfg = Release|Any CPU
		{6F4F4D11-639B-4C1B-96F8-2A9ED8146689}.Release|Any CPU.Build.0 = Release|Any CPU
		{E6769483-C00B-4E17-A540-56DC2AFC8E8B}.Debug|Any CPU.ActiveCfg = Debug|Any CPU
		{E6769483-C00B-4E17-A540-56DC2AFC8E8B}.Debug|Any CPU.Build.0 = Debug|Any CPU
		{E6769483-C00B-4E17-A540-56DC2AFC8E8B}.Release|Any CPU.ActiveCfg = Release|Any CPU
		{E6769483-C00B-4E17-A540-56DC2AFC8E8B}.Release|Any CPU.Build.0 = Release|Any CPU
		{E5D0B0E6-041C-4ACF-BFB3-82356432AE4B}.Debug|Any CPU.ActiveCfg = Debug|Any CPU
		{E5D0B0E6-041C-4ACF-BFB3-82356432AE4B}.Debug|Any CPU.Build.0 = Debug|Any CPU
		{E5D0B0E6-041C-4ACF-BFB3-82356432AE4B}.Release|Any CPU.ActiveCfg = Release|Any CPU
		{E5D0B0E6-041C-4ACF-BFB3-82356432AE4B}.Release|Any CPU.Build.0 = Release|Any CPU
	EndGlobalSection
	GlobalSection(SolutionProperties) = preSolution
		HideSolutionNode = FALSE
	EndGlobalSection
	GlobalSection(ExtensibilityGlobals) = postSolution
		SolutionGuid = {723F3537-5FA2-44C9-A83B-27851A9AC614}
	EndGlobalSection
EndGlobal
