
Microsoft Visual Studio Solution File, Format Version 12.00
# Visual Studio Version 16
VisualStudioVersion = 16.0.30503.244
MinimumVisualStudioVersion = 10.0.40219.1
Project("{FAE04EC0-301F-11D3-BF4B-00C04F79EFBC}") = "WindowsFormsApp03_arraymethod", "WindowsFormsApp03_arraymethod\WindowsFormsApp03_arraymethod.csproj", "{049184C2-46C8-4437-A7CF-EFED1C22F1EB}"
EndProject
Global
	GlobalSection(SolutionConfigurationPlatforms) = preSolution
		Debug|Any CPU = Debug|Any CPU
		Release|Any CPU = Release|Any CPU
	EndGlobalSection
	GlobalSection(ProjectConfigurationPlatforms) = postSolution
		{049184C2-46C8-4437-A7CF-EFED1C22F1EB}.Debug|Any CPU.ActiveCfg = Debug|Any CPU
		{049184C2-46C8-4437-A7CF-EFED1C22F1EB}.Debug|Any CPU.Build.0 = Debug|Any CPU
		{049184C2-46C8-4437-A7CF-EFED1C22F1EB}.Release|Any CPU.ActiveCfg = Release|Any CPU
		{049184C2-46C8-4437-A7CF-EFED1C22F1EB}.Release|Any CPU.Build.0 = Release|Any CPU
	EndGlobalSection
	GlobalSection(SolutionProperties) = preSolution
		HideSolutionNode = FALSE
	EndGlobalSection
	GlobalSection(ExtensibilityGlobals) = postSolution
		SolutionGuid = {A4716FA0-CBD7-455E-A134-3694E6982012}
	EndGlobalSection
EndGlobal
