
Microsoft Visual Studio Solution File, Format Version 12.00
# Visual Studio Version 16
VisualStudioVersion = 16.0.30517.126
MinimumVisualStudioVersion = 10.0.40219.1
Project("{FAE04EC0-301F-11D3-BF4B-00C04F79EFBC}") = "WindowsFormsApp05_datetimediff", "WindowsFormsApp05_datetimediff.csproj", "{F06E33D1-C72F-4F9F-B998-B3B750841A3B}"
EndProject
Global
	GlobalSection(SolutionConfigurationPlatforms) = preSolution
		Debug|Any CPU = Debug|Any CPU
		Release|Any CPU = Release|Any CPU
	EndGlobalSection
	GlobalSection(ProjectConfigurationPlatforms) = postSolution
		{F06E33D1-C72F-4F9F-B998-B3B750841A3B}.Debug|Any CPU.ActiveCfg = Debug|Any CPU
		{F06E33D1-C72F-4F9F-B998-B3B750841A3B}.Debug|Any CPU.Build.0 = Debug|Any CPU
		{F06E33D1-C72F-4F9F-B998-B3B750841A3B}.Release|Any CPU.ActiveCfg = Release|Any CPU
		{F06E33D1-C72F-4F9F-B998-B3B750841A3B}.Release|Any CPU.Build.0 = Release|Any CPU
	EndGlobalSection
	GlobalSection(SolutionProperties) = preSolution
		HideSolutionNode = FALSE
	EndGlobalSection
	GlobalSection(ExtensibilityGlobals) = postSolution
		SolutionGuid = {753CC18E-9CEB-4C0F-8C8A-465BD671AA76}
	EndGlobalSection
EndGlobal
