
Microsoft Visual Studio Solution File, Format Version 12.00
# Visual Studio Version 16
VisualStudioVersion = 16.0.30503.244
MinimumVisualStudioVersion = 10.0.40219.1
Project("{FAE04EC0-301F-11D3-BF4B-00C04F79EFBC}") = "WindowsFormsApp05_trycatch", "WindowsFormsApp05_trycatch\WindowsFormsApp05_trycatch.csproj", "{7B81EFA8-F84A-4B04-B45C-EF688C165819}"
EndProject
Global
	GlobalSection(SolutionConfigurationPlatforms) = preSolution
		Debug|Any CPU = Debug|Any CPU
		Release|Any CPU = Release|Any CPU
	EndGlobalSection
	GlobalSection(ProjectConfigurationPlatforms) = postSolution
		{7B81EFA8-F84A-4B04-B45C-EF688C165819}.Debug|Any CPU.ActiveCfg = Debug|Any CPU
		{7B81EFA8-F84A-4B04-B45C-EF688C165819}.Debug|Any CPU.Build.0 = Debug|Any CPU
		{7B81EFA8-F84A-4B04-B45C-EF688C165819}.Release|Any CPU.ActiveCfg = Release|Any CPU
		{7B81EFA8-F84A-4B04-B45C-EF688C165819}.Release|Any CPU.Build.0 = Release|Any CPU
	EndGlobalSection
	GlobalSection(SolutionProperties) = preSolution
		HideSolutionNode = FALSE
	EndGlobalSection
	GlobalSection(ExtensibilityGlobals) = postSolution
		SolutionGuid = {39CD9C2C-E5E9-4ECF-8B29-3FBDF95D3407}
	EndGlobalSection
EndGlobal
