
Microsoft Visual Studio Solution File, Format Version 12.00
# Visual Studio Version 16
VisualStudioVersion = 16.0.30517.126
MinimumVisualStudioVersion = 10.0.40219.1
Project("{FAE04EC0-301F-11D3-BF4B-00C04F79EFBC}") = "WindowsFormsApp02_bubblesort", "WindowsFormsApp02_bubblesort.csproj", "{F7E72010-76FC-448B-85BF-4629E54E8C80}"
EndProject
Global
	GlobalSection(SolutionConfigurationPlatforms) = preSolution
		Debug|Any CPU = Debug|Any CPU
		Release|Any CPU = Release|Any CPU
	EndGlobalSection
	GlobalSection(ProjectConfigurationPlatforms) = postSolution
		{F7E72010-76FC-448B-85BF-4629E54E8C80}.Debug|Any CPU.ActiveCfg = Debug|Any CPU
		{F7E72010-76FC-448B-85BF-4629E54E8C80}.Debug|Any CPU.Build.0 = Debug|Any CPU
		{F7E72010-76FC-448B-85BF-4629E54E8C80}.Release|Any CPU.ActiveCfg = Release|Any CPU
		{F7E72010-76FC-448B-85BF-4629E54E8C80}.Release|Any CPU.Build.0 = Release|Any CPU
	EndGlobalSection
	GlobalSection(SolutionProperties) = preSolution
		HideSolutionNode = FALSE
	EndGlobalSection
	GlobalSection(ExtensibilityGlobals) = postSolution
		SolutionGuid = {3145FF55-0446-4EA4-9463-F6D4FAAFDDA0}
	EndGlobalSection
EndGlobal
