
Microsoft Visual Studio Solution File, Format Version 12.00
# Visual Studio Version 16
VisualStudioVersion = 16.0.30320.27
MinimumVisualStudioVersion = 10.0.40219.1
Project("{E24C65DC-7377-472B-9ABA-BC803B73C61A}") = "Project_MIS2000lab", "Project_MIS2000lab\", "{9930BB73-DF89-4320-BCE2-288361DA4C28}"
	ProjectSection(WebsiteProperties) = preProject
		TargetFrameworkMoniker = ".NETFramework,Version%3Dv4.7.2"
		Debug.AspNetCompiler.VirtualPath = "/localhost_20008"
		Debug.AspNetCompiler.PhysicalPath = "Project_MIS2000lab\"
		Debug.AspNetCompiler.TargetPath = "PrecompiledWeb\localhost_20008\"
		Debug.AspNetCompiler.Updateable = "true"
		Debug.AspNetCompiler.ForceOverwrite = "true"
		Debug.AspNetCompiler.FixedNames = "false"
		Debug.AspNetCompiler.Debug = "True"
		Release.AspNetCompiler.VirtualPath = "/localhost_20008"
		Release.AspNetCompiler.PhysicalPath = "Project_MIS2000lab\"
		Release.AspNetCompiler.TargetPath = "PrecompiledWeb\localhost_20008\"
		Release.AspNetCompiler.Updateable = "true"
		Release.AspNetCompiler.ForceOverwrite = "true"
		Release.AspNetCompiler.FixedNames = "false"
		Release.AspNetCompiler.Debug = "False"
		VWDPort = "20008"
		SlnRelativePath = "Project_MIS2000lab\"
		DefaultWebSiteLanguage = "Visual C#"
	EndProjectSection
EndProject
Global
	GlobalSection(SolutionConfigurationPlatforms) = preSolution
		Debug|Any CPU = Debug|Any CPU
	EndGlobalSection
	GlobalSection(ProjectConfigurationPlatforms) = postSolution
		{9930BB73-DF89-4320-BCE2-288361DA4C28}.Debug|Any CPU.ActiveCfg = Debug|Any CPU
		{9930BB73-DF89-4320-BCE2-288361DA4C28}.Debug|Any CPU.Build.0 = Debug|Any CPU
	EndGlobalSection
	GlobalSection(SolutionProperties) = preSolution
		HideSolutionNode = FALSE
	EndGlobalSection
	GlobalSection(ExtensibilityGlobals) = postSolution
		SolutionGuid = {E2FFD6F2-2D4F-4128-9F5F-B565D5C6607D}
	EndGlobalSection
EndGlobal
