
Microsoft Visual Studio Solution File, Format Version 12.00
# Visual Studio Version 16
VisualStudioVersion = 16.0.30503.244
MinimumVisualStudioVersion = 10.0.40219.1
Project("{FAE04EC0-301F-11D3-BF4B-00C04F79EFBC}") = "WindowsFormsApp08_NamedorOptional_argument", "WindowsFormsApp08_NamedorOptional_argument\WindowsFormsApp08_NamedorOptional_argument.csproj", "{AAF26140-1423-4589-A1B2-35D5963337C2}"
EndProject
Global
	GlobalSection(SolutionConfigurationPlatforms) = preSolution
		Debug|Any CPU = Debug|Any CPU
		Release|Any CPU = Release|Any CPU
	EndGlobalSection
	GlobalSection(ProjectConfigurationPlatforms) = postSolution
		{AAF26140-1423-4589-A1B2-35D5963337C2}.Debug|Any CPU.ActiveCfg = Debug|Any CPU
		{AAF26140-1423-4589-A1B2-35D5963337C2}.Debug|Any CPU.Build.0 = Debug|Any CPU
		{AAF26140-1423-4589-A1B2-35D5963337C2}.Release|Any CPU.ActiveCfg = Release|Any CPU
		{AAF26140-1423-4589-A1B2-35D5963337C2}.Release|Any CPU.Build.0 = Release|Any CPU
	EndGlobalSection
	GlobalSection(SolutionProperties) = preSolution
		HideSolutionNode = FALSE
	EndGlobalSection
	GlobalSection(ExtensibilityGlobals) = postSolution
		SolutionGuid = {B0A73138-A420-4DD4-8E54-336FA101390B}
	EndGlobalSection
EndGlobal
